<?xml version="1.0" encoding="utf-8"?>
<Project ToolsVersion="4.0" xmlns="http://schemas.microsoft.com/developer/msbuild/2003">
  <ItemGroup>
    <Filter Include="소스 파일">
      <UniqueIdentifier>{4FC737F1-C7A5-4376-A066-2A32D752A2FF}</UniqueIdentifier>
      <Extensions>cpp;c;cc;cxx;c++;cppm;ixx;def;odl;idl;hpj;bat;asm;asmx</Extensions>
    </Filter>
    <Filter Include="헤더 파일">
      <UniqueIdentifier>{93995380-89BD-4b04-88EB-625FBE52EBFB}</UniqueIdentifier>
      <Extensions>h;hh;hpp;hxx;h++;hm;inl;inc;ipp;xsd</Extensions>
    </Filter>
    <Filter Include="리소스 파일">
      <UniqueIdentifier>{67DA6AB6-F800-4c08-8B7A-83BB121AAD01}</UniqueIdentifier>
      <Extensions>rc;ico;cur;bmp;dlg;rc2;rct;bin;rgs;gif;jpg;jpeg;jpe;resx;tiff;tif;png;wav;mfcribbon-ms</Extensions>
    </Filter>
    <Filter Include="소스 파일\99.Manager">
      <UniqueIdentifier>{81b550a5-75e3-4fbb-87de-7c7d481b3828}</UniqueIdentifier>
    </Filter>
    <Filter Include="소스 파일\99.Manager\SceneManager">
      <UniqueIdentifier>{028097ac-09d5-4fce-9899-f970b91ae679}</UniqueIdentifier>
    </Filter>
    <Filter Include="헤더 파일\include">
      <UniqueIdentifier>{a91d7edf-ded0-4bb8-809b-0be38bff8f5c}</UniqueIdentifier>
    </Filter>
    <Filter Include="소스 파일\99.Manager\InputManager">
      <UniqueIdentifier>{915b9508-6c58-4c6f-aa85-65b2ed270b6d}</UniqueIdentifier>
    </Filter>
    <Filter Include="소스 파일\01.Scene">
      <UniqueIdentifier>{5556fe6d-810d-4b96-8a4f-a619838e4ce6}</UniqueIdentifier>
    </Filter>
    <Filter Include="소스 파일\01.Scene\Logo">
      <UniqueIdentifier>{2f8ec1e7-003e-432f-b3a0-b060cefebd88}</UniqueIdentifier>
    </Filter>
    <Filter Include="소스 파일\01.Scene\Menu">
      <UniqueIdentifier>{5487fa16-e5fe-4f37-be9b-ff69285e8210}</UniqueIdentifier>
    </Filter>
    <Filter Include="소스 파일\01.Scene\Stage">
      <UniqueIdentifier>{48b0ac2e-cf36-4f72-8a37-0b869713e342}</UniqueIdentifier>
    </Filter>
    <Filter Include="소스 파일\02.Object">
      <UniqueIdentifier>{7d77f24c-3d61-48c5-9ab3-8b0079e83700}</UniqueIdentifier>
    </Filter>
    <Filter Include="소스 파일\02.Object\Player">
      <UniqueIdentifier>{d6e6ef80-2461-48ed-89d8-639501dff12d}</UniqueIdentifier>
    </Filter>
    <Filter Include="소스 파일\02.Object\Enemy">
      <UniqueIdentifier>{d9aae0dd-2bb9-47f8-9219-f8e95b6ad6a1}</UniqueIdentifier>
    </Filter>
    <Filter Include="소스 파일\00.MainUpdate">
      <UniqueIdentifier>{efe4d2f2-dc24-48ca-a6d3-7ef3551794d3}</UniqueIdentifier>
    </Filter>
    <Filter Include="소스 파일\99.Manager\ObjectManager">
      <UniqueIdentifier>{b0e79211-2452-4e6b-956f-20831c338ce4}</UniqueIdentifier>
    </Filter>
    <Filter Include="소스 파일\99.Manager\CursorManager">
      <UniqueIdentifier>{e9495877-6d00-4fc1-8b66-65af25f5442d}</UniqueIdentifier>
    </Filter>
    <Filter Include="소스 파일\02.Object\Bullet">
      <UniqueIdentifier>{bbb19313-5ea4-4c3c-ba5b-157800f9cb5c}</UniqueIdentifier>
    </Filter>
    <Filter Include="소스 파일\99.Manager\CollisionManager">
      <UniqueIdentifier>{b4123e74-4e2d-485b-9c47-42cda693cf9e}</UniqueIdentifier>
    </Filter>
    <Filter Include="소스 파일\99.Manager\ObjectFactory">
      <UniqueIdentifier>{3a2134d4-1b9a-41ad-bdfa-e1fdf9695ff6}</UniqueIdentifier>
    </Filter>
    <Filter Include="소스 파일\02.Object\BackGround">
      <UniqueIdentifier>{74e3297f-5130-41ee-8419-31b30b224965}</UniqueIdentifier>
    </Filter>
    <Filter Include="소스 파일\03.UserInterface">
      <UniqueIdentifier>{d25b66d3-8662-4929-853c-20b4b158e2a3}</UniqueIdentifier>
    </Filter>
    <Filter Include="소스 파일\03.UserInterface\ScrollBox">
      <UniqueIdentifier>{df045251-da10-4bd8-b6a6-f77e60ec1b2b}</UniqueIdentifier>
    </Filter>
    <Filter Include="소스 파일\02.Object\Cloud">
      <UniqueIdentifier>{173b435d-ceec-4097-993f-28aba1067085}</UniqueIdentifier>
    </Filter>
    <Filter Include="소스 파일\99.Manager\MathManager">
      <UniqueIdentifier>{64a293ff-1afa-4588-bdad-9ef0c7a7913f}</UniqueIdentifier>
    </Filter>
    <Filter Include="소스 파일\98.Pattern">
      <UniqueIdentifier>{a6a77f57-1596-4bd4-8b48-1721fac2dc06}</UniqueIdentifier>
    </Filter>
    <Filter Include="소스 파일\98.Pattern\Prototype">
      <UniqueIdentifier>{1da03d6a-02f3-44aa-b883-393506a0941d}</UniqueIdentifier>
    </Filter>
    <Filter Include="소스 파일\98.Pattern\ObjectPool">
      <UniqueIdentifier>{2d1df102-e8cd-4c05-a94b-c1eada883318}</UniqueIdentifier>
    </Filter>
    <Filter Include="소스 파일\98.Pattern\Bridge">
      <UniqueIdentifier>{68c81284-5165-4123-84b9-a16c7a5ba05e}</UniqueIdentifier>
    </Filter>
    <Filter Include="소스 파일\02.Object\Bullet\BulletBridge">
      <UniqueIdentifier>{e78ddcc7-b111-4a91-b3a2-1bb2a6cd6474}</UniqueIdentifier>
    </Filter>
    <Filter Include="소스 파일\02.Object\Bullet\BulletBridge\NormalBullet">
      <UniqueIdentifier>{07d08457-abd8-41f9-b2a6-5bb882c5115e}</UniqueIdentifier>
    </Filter>
  </ItemGroup>
  <ItemGroup>
    <ClCompile Include="Main.cpp">
      <Filter>소스 파일</Filter>
    </ClCompile>
    <ClCompile Include="MainUpdate.cpp">
      <Filter>소스 파일\00.MainUpdate</Filter>
    </ClCompile>
    <ClCompile Include="SceneManager.cpp">
      <Filter>소스 파일\99.Manager\SceneManager</Filter>
    </ClCompile>
    <ClCompile Include="InputManager.cpp">
      <Filter>소스 파일\99.Manager\InputManager</Filter>
    </ClCompile>
    <ClCompile Include="Logo.cpp">
      <Filter>소스 파일\01.Scene\Logo</Filter>
    </ClCompile>
    <ClCompile Include="Menu.cpp">
      <Filter>소스 파일\01.Scene\Menu</Filter>
    </ClCompile>
    <ClCompile Include="Stage.cpp">
      <Filter>소스 파일\01.Scene\Stage</Filter>
    </ClCompile>
    <ClCompile Include="Scene.cpp">
      <Filter>소스 파일\01.Scene</Filter>
    </ClCompile>
    <ClCompile Include="Object.cpp">
      <Filter>소스 파일\02.Object</Filter>
    </ClCompile>
    <ClCompile Include="Player.cpp">
      <Filter>소스 파일\02.Object\Player</Filter>
    </ClCompile>
    <ClCompile Include="Enemy.cpp">
      <Filter>소스 파일\02.Object\Enemy</Filter>
    </ClCompile>
    <ClCompile Include="ObjectManager.cpp">
      <Filter>소스 파일\99.Manager\ObjectManager</Filter>
    </ClCompile>
    <ClCompile Include="Bullet.cpp">
      <Filter>소스 파일\02.Object\Bullet</Filter>
    </ClCompile>
    <ClCompile Include="BackGround.cpp">
      <Filter>소스 파일\02.Object\BackGround</Filter>
    </ClCompile>
    <ClCompile Include="UserInterface.cpp">
      <Filter>소스 파일\03.UserInterface</Filter>
    </ClCompile>
    <ClCompile Include="ScrollBox.cpp">
      <Filter>소스 파일\03.UserInterface\ScrollBox</Filter>
    </ClCompile>
    <ClCompile Include="Cloud.cpp">
      <Filter>소스 파일\02.Object\Cloud</Filter>
    </ClCompile>
    <ClCompile Include="CursorManager.cpp">
      <Filter>소스 파일\99.Manager\CursorManager</Filter>
    </ClCompile>
    <ClCompile Include="Prototype.cpp">
      <Filter>소스 파일\98.Pattern\Prototype</Filter>
    </ClCompile>
    <ClCompile Include="ObjectPool.cpp">
      <Filter>소스 파일\98.Pattern\ObjectPool</Filter>
    </ClCompile>
    <ClCompile Include="NormalBullet.cpp">
      <Filter>소스 파일\02.Object\Bullet\BulletBridge\NormalBullet</Filter>
    </ClCompile>
  </ItemGroup>
  <ItemGroup>
    <ClInclude Include="Headers.h">
      <Filter>헤더 파일</Filter>
    </ClInclude>
    <ClInclude Include="MainUpdate.h">
      <Filter>소스 파일\00.MainUpdate</Filter>
    </ClInclude>
    <ClInclude Include="SceneManager.h">
      <Filter>소스 파일\99.Manager\SceneManager</Filter>
    </ClInclude>
    <ClInclude Include="enum.h">
      <Filter>헤더 파일\include</Filter>
    </ClInclude>
    <ClInclude Include="Constant.h">
      <Filter>헤더 파일\include</Filter>
    </ClInclude>
    <ClInclude Include="InputManager.h">
      <Filter>소스 파일\99.Manager\InputManager</Filter>
    </ClInclude>
    <ClInclude Include="Logo.h">
      <Filter>소스 파일\01.Scene\Logo</Filter>
    </ClInclude>
    <ClInclude Include="Menu.h">
      <Filter>소스 파일\01.Scene\Menu</Filter>
    </ClInclude>
    <ClInclude Include="Stage.h">
      <Filter>소스 파일\01.Scene\Stage</Filter>
    </ClInclude>
    <ClInclude Include="Scene.h">
      <Filter>소스 파일\01.Scene</Filter>
    </ClInclude>
    <ClInclude Include="Define.h">
      <Filter>헤더 파일\include</Filter>
    </ClInclude>
    <ClInclude Include="Object.h">
      <Filter>소스 파일\02.Object</Filter>
    </ClInclude>
    <ClInclude Include="Player.h">
      <Filter>소스 파일\02.Object\Player</Filter>
    </ClInclude>
    <ClInclude Include="Enemy.h">
      <Filter>소스 파일\02.Object\Enemy</Filter>
    </ClInclude>
    <ClInclude Include="ObjectManager.h">
      <Filter>소스 파일\99.Manager\ObjectManager</Filter>
    </ClInclude>
    <ClInclude Include="Struct.h">
      <Filter>헤더 파일\include</Filter>
    </ClInclude>
    <ClInclude Include="CursorManager.h">
      <Filter>소스 파일\99.Manager\CursorManager</Filter>
    </ClInclude>
    <ClInclude Include="Bullet.h">
      <Filter>소스 파일\02.Object\Bullet</Filter>
    </ClInclude>
    <ClInclude Include="CollisionManager.h">
      <Filter>소스 파일\99.Manager\CollisionManager</Filter>
    </ClInclude>
    <ClInclude Include="ObjectFactory.h">
      <Filter>소스 파일\99.Manager\ObjectFactory</Filter>
    </ClInclude>
    <ClInclude Include="BackGround.h">
      <Filter>소스 파일\02.Object\BackGround</Filter>
    </ClInclude>
    <ClInclude Include="UserInterface.h">
      <Filter>소스 파일\03.UserInterface</Filter>
    </ClInclude>
    <ClInclude Include="ScrollBox.h">
      <Filter>소스 파일\03.UserInterface\ScrollBox</Filter>
    </ClInclude>
    <ClInclude Include="Cloud.h">
      <Filter>소스 파일\02.Object\Cloud</Filter>
    </ClInclude>
    <ClInclude Include="MathManager.h">
      <Filter>소스 파일\99.Manager\MathManager</Filter>
    </ClInclude>
    <ClInclude Include="Prototype.h">
      <Filter>소스 파일\98.Pattern\Prototype</Filter>
    </ClInclude>
    <ClInclude Include="ObjectPool.h">
      <Filter>소스 파일\98.Pattern\ObjectPool</Filter>
    </ClInclude>
    <ClInclude Include="Bridge.h">
      <Filter>소스 파일\98.Pattern\Bridge</Filter>
    </ClInclude>
    <ClInclude Include="BulletBridge.h">
      <Filter>소스 파일\02.Object\Bullet\BulletBridge</Filter>
    </ClInclude>
    <ClInclude Include="NormalBullet.h">
      <Filter>소스 파일\02.Object\Bullet\BulletBridge\NormalBullet</Filter>
    </ClInclude>
  </ItemGroup>
</Project>