<?xml version="1.0" encoding="utf-8"?>
<Project ToolsVersion="4.0" xmlns="http://schemas.microsoft.com/developer/msbuild/2003">
  <ItemGroup>
    <Filter Include="소스 파일">
      <UniqueIdentifier>{4FC737F1-C7A5-4376-A066-2A32D752A2FF}</UniqueIdentifier>
      <Extensions>cpp;c;cc;cxx;c++;cppm;ixx;def;odl;idl;hpj;bat;asm;asmx</Extensions>
    </Filter>
    <Filter Include="헤더 파일">
      <UniqueIdentifier>{93995380-89BD-4b04-88EB-625FBE52EBFB}</UniqueIdentifier>
      <Extensions>h;hh;hpp;hxx;h++;hm;inl;inc;ipp;xsd</Extensions>
    </Filter>
    <Filter Include="리소스 파일">
      <UniqueIdentifier>{67DA6AB6-F800-4c08-8B7A-83BB121AAD01}</UniqueIdentifier>
      <Extensions>rc;ico;cur;bmp;dlg;rc2;rct;bin;rgs;gif;jpg;jpeg;jpe;resx;tiff;tif;png;wav;mfcribbon-ms</Extensions>
    </Filter>
    <Filter Include="소스 파일\Parent">
      <UniqueIdentifier>{bc2ee93d-c06f-450b-b3f4-4c7a2b2db356}</UniqueIdentifier>
    </Filter>
    <Filter Include="소스 파일\Parent\Child">
      <UniqueIdentifier>{05a09cde-e894-4d10-b420-05195f928101}</UniqueIdentifier>
    </Filter>
    <Filter Include="소스 파일\Parent\Bullet">
      <UniqueIdentifier>{7aa592ec-e477-416c-8ff0-57e6f28134ed}</UniqueIdentifier>
    </Filter>
  </ItemGroup>
  <ItemGroup>
    <ClCompile Include="Main.cpp">
      <Filter>소스 파일</Filter>
    </ClCompile>
    <ClCompile Include="Parent.cpp">
      <Filter>소스 파일\Parent</Filter>
    </ClCompile>
    <ClCompile Include="Child.cpp">
      <Filter>소스 파일\Parent\Child</Filter>
    </ClCompile>
    <ClCompile Include="Bullet.cpp">
      <Filter>소스 파일\Parent\Bullet</Filter>
    </ClCompile>
  </ItemGroup>
  <ItemGroup>
    <ClInclude Include="Parent.h">
      <Filter>소스 파일\Parent</Filter>
    </ClInclude>
    <ClInclude Include="Headers.h">
      <Filter>헤더 파일</Filter>
    </ClInclude>
    <ClInclude Include="Child.h">
      <Filter>소스 파일\Parent\Child</Filter>
    </ClInclude>
    <ClInclude Include="Bullet.h">
      <Filter>소스 파일\Parent\Bullet</Filter>
    </ClInclude>
  </ItemGroup>
</Project>